
Microsoft Visual Studio Solution File, Format Version 12.00
# Visual Studio 15
VisualStudioVersion = 15.0.27004.2005
MinimumVisualStudioVersion = 10.0.40219.1
Project("{2150E333-8FDC-42A3-9474-1A3956D46DE8}") = "WAS", "WAS", "{D6A4C222-C13B-4109-8ABB-32A17FBDD138}"
EndProject
Project("{2150E333-8FDC-42A3-9474-1A3956D46DE8}") = "BAS", "BAS", "{CEEECF6B-3AA6-41AF-9E7A-49231B3A73B1}"
EndProject
Project("{2150E333-8FDC-42A3-9474-1A3956D46DE8}") = "WIN", "WIN", "{B3CD85A0-6ADA-42E7-A8CD-27288327B28F}"
EndProject
Project("{2150E333-8FDC-42A3-9474-1A3956D46DE8}") = "WEB", "WEB", "{3209704B-11E6-465C-BCC0-9D57A89C0B8E}"
EndProject
Project("{FAE04EC0-301F-11D3-BF4B-00C04F79EFBC}") = "IKaan.Base", "BAS\IKaan.Base\IKaan.Base.csproj", "{949DB77A-078C-4AE7-BA66-A7109848B8C4}"
EndProject
Project("{FAE04EC0-301F-11D3-BF4B-00C04F79EFBC}") = "IKaan.Model", "BAS\IKaan.Model\IKaan.Model.csproj", "{1EB3A6AF-8899-400C-A6EA-E4CFF97CE1FC}"
EndProject
Project("{FAE04EC0-301F-11D3-BF4B-00C04F79EFBC}") = "IKaan.Was", "WAS\IKaan.Was\IKaan.Was.csproj", "{B90516AF-CC74-4119-9932-B6E0320CCCBD}"
EndProject
Project("{FAE04EC0-301F-11D3-BF4B-00C04F79EFBC}") = "IKaan.Was.Core", "WAS\IKaan.Was.Core\IKaan.Was.Core.csproj", "{5C9DF665-2794-45A6-B09C-17F3FC7FF11B}"
EndProject
Project("{FAE04EC0-301F-11D3-BF4B-00C04F79EFBC}") = "IKaan.Was.Service", "WAS\IKaan.Was.Service\IKaan.Was.Service.csproj", "{5B34A7C2-2954-4351-A794-3A2D6FA8A50E}"
EndProject
Project("{FAE04EC0-301F-11D3-BF4B-00C04F79EFBC}") = "IKaan.Win", "WIN\IKaan.Win\IKaan.Win.csproj", "{753D82B4-F203-4D7B-A871-97066351DF5A}"
EndProject
Project("{FAE04EC0-301F-11D3-BF4B-00C04F79EFBC}") = "IKaan.Win.Core", "WIN\IKaan.Win.Core\IKaan.Win.Core.csproj", "{942B6393-9BE6-415C-BFA6-CA3EB166735F}"
EndProject
Project("{FAE04EC0-301F-11D3-BF4B-00C04F79EFBC}") = "IKaan.Win.View", "WIN\IKaan.Win.View\IKaan.Win.View.csproj", "{E9348656-E4E7-473D-897A-8406A480E773}"
EndProject
Project("{FAE04EC0-301F-11D3-BF4B-00C04F79EFBC}") = "IKaan.Win.View.Biz", "WIN\IKaan.Win.View.Biz\IKaan.Win.View.Biz.csproj", "{8BFCD979-C083-41B2-8715-5936A1587986}"
EndProject
Project("{FAE04EC0-301F-11D3-BF4B-00C04F79EFBC}") = "IKaan.Win.View.Base", "WIN\IKaan.Win.View.Base\IKaan.Win.View.Base.csproj", "{7A92D420-B503-450B-97AA-1EFC46A8603F}"
EndProject
Project("{FAE04EC0-301F-11D3-BF4B-00C04F79EFBC}") = "IKaan.Web.Core", "WEB\IKaan.Web.Core\IKaan.Web.Core.csproj", "{DFD68FA2-1C1B-4B19-B6DE-7F77C98816DE}"
EndProject
Project("{FAE04EC0-301F-11D3-BF4B-00C04F79EFBC}") = "IKaan.Web.Model", "WEB\IKaan.Web.Model\IKaan.Web.Model.csproj", "{D5011CF5-4F13-468D-B6B1-3E0533BB30C8}"
EndProject
Project("{FAE04EC0-301F-11D3-BF4B-00C04F79EFBC}") = "IKaan.Web.Service", "WEB\IKaan.Web.Service\IKaan.Web.Service.csproj", "{35218E68-2247-4F6C-A25F-4CDB73AD6849}"
EndProject
Project("{FAE04EC0-301F-11D3-BF4B-00C04F79EFBC}") = "IKaan.Web.View.SCM", "WEB\IKaan.Web.View.SCM\IKaan.Web.View.SCM.csproj", "{75F2F4E3-1161-4D6D-B6A7-51A379027A72}"
EndProject
Global
	GlobalSection(SolutionConfigurationPlatforms) = preSolution
		Debug|Any CPU = Debug|Any CPU
		EFMigrations|Any CPU = EFMigrations|Any CPU
		PluginDev|Any CPU = PluginDev|Any CPU
		Release|Any CPU = Release|Any CPU
	EndGlobalSection
	GlobalSection(ProjectConfigurationPlatforms) = postSolution
		{949DB77A-078C-4AE7-BA66-A7109848B8C4}.Debug|Any CPU.ActiveCfg = Debug|Any CPU
		{949DB77A-078C-4AE7-BA66-A7109848B8C4}.Debug|Any CPU.Build.0 = Debug|Any CPU
		{949DB77A-078C-4AE7-BA66-A7109848B8C4}.EFMigrations|Any CPU.ActiveCfg = Release|Any CPU
		{949DB77A-078C-4AE7-BA66-A7109848B8C4}.EFMigrations|Any CPU.Build.0 = Release|Any CPU
		{949DB77A-078C-4AE7-BA66-A7109848B8C4}.PluginDev|Any CPU.ActiveCfg = Release|Any CPU
		{949DB77A-078C-4AE7-BA66-A7109848B8C4}.PluginDev|Any CPU.Build.0 = Release|Any CPU
		{949DB77A-078C-4AE7-BA66-A7109848B8C4}.Release|Any CPU.ActiveCfg = Release|Any CPU
		{949DB77A-078C-4AE7-BA66-A7109848B8C4}.Release|Any CPU.Build.0 = Release|Any CPU
		{1EB3A6AF-8899-400C-A6EA-E4CFF97CE1FC}.Debug|Any CPU.ActiveCfg = Debug|Any CPU
		{1EB3A6AF-8899-400C-A6EA-E4CFF97CE1FC}.Debug|Any CPU.Build.0 = Debug|Any CPU
		{1EB3A6AF-8899-400C-A6EA-E4CFF97CE1FC}.EFMigrations|Any CPU.ActiveCfg = Release|Any CPU
		{1EB3A6AF-8899-400C-A6EA-E4CFF97CE1FC}.EFMigrations|Any CPU.Build.0 = Release|Any CPU
		{1EB3A6AF-8899-400C-A6EA-E4CFF97CE1FC}.PluginDev|Any CPU.ActiveCfg = Release|Any CPU
		{1EB3A6AF-8899-400C-A6EA-E4CFF97CE1FC}.PluginDev|Any CPU.Build.0 = Release|Any CPU
		{1EB3A6AF-8899-400C-A6EA-E4CFF97CE1FC}.Release|Any CPU.ActiveCfg = Release|Any CPU
		{1EB3A6AF-8899-400C-A6EA-E4CFF97CE1FC}.Release|Any CPU.Build.0 = Release|Any CPU
		{B90516AF-CC74-4119-9932-B6E0320CCCBD}.Debug|Any CPU.ActiveCfg = Debug|Any CPU
		{B90516AF-CC74-4119-9932-B6E0320CCCBD}.Debug|Any CPU.Build.0 = Debug|Any CPU
		{B90516AF-CC74-4119-9932-B6E0320CCCBD}.EFMigrations|Any CPU.ActiveCfg = Release|Any CPU
		{B90516AF-CC74-4119-9932-B6E0320CCCBD}.EFMigrations|Any CPU.Build.0 = Release|Any CPU
		{B90516AF-CC74-4119-9932-B6E0320CCCBD}.PluginDev|Any CPU.ActiveCfg = Release|Any CPU
		{B90516AF-CC74-4119-9932-B6E0320CCCBD}.PluginDev|Any CPU.Build.0 = Release|Any CPU
		{B90516AF-CC74-4119-9932-B6E0320CCCBD}.Release|Any CPU.ActiveCfg = Release|Any CPU
		{B90516AF-CC74-4119-9932-B6E0320CCCBD}.Release|Any CPU.Build.0 = Release|Any CPU
		{5C9DF665-2794-45A6-B09C-17F3FC7FF11B}.Debug|Any CPU.ActiveCfg = Debug|Any CPU
		{5C9DF665-2794-45A6-B09C-17F3FC7FF11B}.Debug|Any CPU.Build.0 = Debug|Any CPU
		{5C9DF665-2794-45A6-B09C-17F3FC7FF11B}.EFMigrations|Any CPU.ActiveCfg = Release|Any CPU
		{5C9DF665-2794-45A6-B09C-17F3FC7FF11B}.EFMigrations|Any CPU.Build.0 = Release|Any CPU
		{5C9DF665-2794-45A6-B09C-17F3FC7FF11B}.PluginDev|Any CPU.ActiveCfg = Release|Any CPU
		{5C9DF665-2794-45A6-B09C-17F3FC7FF11B}.PluginDev|Any CPU.Build.0 = Release|Any CPU
		{5C9DF665-2794-45A6-B09C-17F3FC7FF11B}.Release|Any CPU.ActiveCfg = Release|Any CPU
		{5C9DF665-2794-45A6-B09C-17F3FC7FF11B}.Release|Any CPU.Build.0 = Release|Any CPU
		{5B34A7C2-2954-4351-A794-3A2D6FA8A50E}.Debug|Any CPU.ActiveCfg = Debug|Any CPU
		{5B34A7C2-2954-4351-A794-3A2D6FA8A50E}.Debug|Any CPU.Build.0 = Debug|Any CPU
		{5B34A7C2-2954-4351-A794-3A2D6FA8A50E}.EFMigrations|Any CPU.ActiveCfg = Release|Any CPU
		{5B34A7C2-2954-4351-A794-3A2D6FA8A50E}.EFMigrations|Any CPU.Build.0 = Release|Any CPU
		{5B34A7C2-2954-4351-A794-3A2D6FA8A50E}.PluginDev|Any CPU.ActiveCfg = Release|Any CPU
		{5B34A7C2-2954-4351-A794-3A2D6FA8A50E}.PluginDev|Any CPU.Build.0 = Release|Any CPU
		{5B34A7C2-2954-4351-A794-3A2D6FA8A50E}.Release|Any CPU.ActiveCfg = Release|Any CPU
		{5B34A7C2-2954-4351-A794-3A2D6FA8A50E}.Release|Any CPU.Build.0 = Release|Any CPU
		{753D82B4-F203-4D7B-A871-97066351DF5A}.Debug|Any CPU.ActiveCfg = Debug|Any CPU
		{753D82B4-F203-4D7B-A871-97066351DF5A}.Debug|Any CPU.Build.0 = Debug|Any CPU
		{753D82B4-F203-4D7B-A871-97066351DF5A}.EFMigrations|Any CPU.ActiveCfg = Release|Any CPU
		{753D82B4-F203-4D7B-A871-97066351DF5A}.EFMigrations|Any CPU.Build.0 = Release|Any CPU
		{753D82B4-F203-4D7B-A871-97066351DF5A}.PluginDev|Any CPU.ActiveCfg = Release|Any CPU
		{753D82B4-F203-4D7B-A871-97066351DF5A}.PluginDev|Any CPU.Build.0 = Release|Any CPU
		{753D82B4-F203-4D7B-A871-97066351DF5A}.Release|Any CPU.ActiveCfg = Release|Any CPU
		{753D82B4-F203-4D7B-A871-97066351DF5A}.Release|Any CPU.Build.0 = Release|Any CPU
		{942B6393-9BE6-415C-BFA6-CA3EB166735F}.Debug|Any CPU.ActiveCfg = Debug|Any CPU
		{942B6393-9BE6-415C-BFA6-CA3EB166735F}.Debug|Any CPU.Build.0 = Debug|Any CPU
		{942B6393-9BE6-415C-BFA6-CA3EB166735F}.EFMigrations|Any CPU.ActiveCfg = Release|Any CPU
		{942B6393-9BE6-415C-BFA6-CA3EB166735F}.EFMigrations|Any CPU.Build.0 = Release|Any CPU
		{942B6393-9BE6-415C-BFA6-CA3EB166735F}.PluginDev|Any CPU.ActiveCfg = Release|Any CPU
		{942B6393-9BE6-415C-BFA6-CA3EB166735F}.PluginDev|Any CPU.Build.0 = Release|Any CPU
		{942B6393-9BE6-415C-BFA6-CA3EB166735F}.Release|Any CPU.ActiveCfg = Release|Any CPU
		{942B6393-9BE6-415C-BFA6-CA3EB166735F}.Release|Any CPU.Build.0 = Release|Any CPU
		{E9348656-E4E7-473D-897A-8406A480E773}.Debug|Any CPU.ActiveCfg = Debug|Any CPU
		{E9348656-E4E7-473D-897A-8406A480E773}.Debug|Any CPU.Build.0 = Debug|Any CPU
		{E9348656-E4E7-473D-897A-8406A480E773}.EFMigrations|Any CPU.ActiveCfg = Release|Any CPU
		{E9348656-E4E7-473D-897A-8406A480E773}.EFMigrations|Any CPU.Build.0 = Release|Any CPU
		{E9348656-E4E7-473D-897A-8406A480E773}.PluginDev|Any CPU.ActiveCfg = Release|Any CPU
		{E9348656-E4E7-473D-897A-8406A480E773}.PluginDev|Any CPU.Build.0 = Release|Any CPU
		{E9348656-E4E7-473D-897A-8406A480E773}.Release|Any CPU.ActiveCfg = Release|Any CPU
		{E9348656-E4E7-473D-897A-8406A480E773}.Release|Any CPU.Build.0 = Release|Any CPU
		{8BFCD979-C083-41B2-8715-5936A1587986}.Debug|Any CPU.ActiveCfg = Debug|Any CPU
		{8BFCD979-C083-41B2-8715-5936A1587986}.Debug|Any CPU.Build.0 = Debug|Any CPU
		{8BFCD979-C083-41B2-8715-5936A1587986}.EFMigrations|Any CPU.ActiveCfg = Release|Any CPU
		{8BFCD979-C083-41B2-8715-5936A1587986}.EFMigrations|Any CPU.Build.0 = Release|Any CPU
		{8BFCD979-C083-41B2-8715-5936A1587986}.PluginDev|Any CPU.ActiveCfg = Release|Any CPU
		{8BFCD979-C083-41B2-8715-5936A1587986}.PluginDev|Any CPU.Build.0 = Release|Any CPU
		{8BFCD979-C083-41B2-8715-5936A1587986}.Release|Any CPU.ActiveCfg = Release|Any CPU
		{8BFCD979-C083-41B2-8715-5936A1587986}.Release|Any CPU.Build.0 = Release|Any CPU
		{7A92D420-B503-450B-97AA-1EFC46A8603F}.Debug|Any CPU.ActiveCfg = Debug|Any CPU
		{7A92D420-B503-450B-97AA-1EFC46A8603F}.Debug|Any CPU.Build.0 = Debug|Any CPU
		{7A92D420-B503-450B-97AA-1EFC46A8603F}.EFMigrations|Any CPU.ActiveCfg = Release|Any CPU
		{7A92D420-B503-450B-97AA-1EFC46A8603F}.EFMigrations|Any CPU.Build.0 = Release|Any CPU
		{7A92D420-B503-450B-97AA-1EFC46A8603F}.PluginDev|Any CPU.ActiveCfg = Release|Any CPU
		{7A92D420-B503-450B-97AA-1EFC46A8603F}.PluginDev|Any CPU.Build.0 = Release|Any CPU
		{7A92D420-B503-450B-97AA-1EFC46A8603F}.Release|Any CPU.ActiveCfg = Release|Any CPU
		{7A92D420-B503-450B-97AA-1EFC46A8603F}.Release|Any CPU.Build.0 = Release|Any CPU
		{DFD68FA2-1C1B-4B19-B6DE-7F77C98816DE}.Debug|Any CPU.ActiveCfg = Debug|Any CPU
		{DFD68FA2-1C1B-4B19-B6DE-7F77C98816DE}.Debug|Any CPU.Build.0 = Debug|Any CPU
		{DFD68FA2-1C1B-4B19-B6DE-7F77C98816DE}.EFMigrations|Any CPU.ActiveCfg = Release|Any CPU
		{DFD68FA2-1C1B-4B19-B6DE-7F77C98816DE}.EFMigrations|Any CPU.Build.0 = Release|Any CPU
		{DFD68FA2-1C1B-4B19-B6DE-7F77C98816DE}.PluginDev|Any CPU.ActiveCfg = Release|Any CPU
		{DFD68FA2-1C1B-4B19-B6DE-7F77C98816DE}.PluginDev|Any CPU.Build.0 = Release|Any CPU
		{DFD68FA2-1C1B-4B19-B6DE-7F77C98816DE}.Release|Any CPU.ActiveCfg = Release|Any CPU
		{DFD68FA2-1C1B-4B19-B6DE-7F77C98816DE}.Release|Any CPU.Build.0 = Release|Any CPU
		{D5011CF5-4F13-468D-B6B1-3E0533BB30C8}.Debug|Any CPU.ActiveCfg = Debug|Any CPU
		{D5011CF5-4F13-468D-B6B1-3E0533BB30C8}.Debug|Any CPU.Build.0 = Debug|Any CPU
		{D5011CF5-4F13-468D-B6B1-3E0533BB30C8}.EFMigrations|Any CPU.ActiveCfg = Release|Any CPU
		{D5011CF5-4F13-468D-B6B1-3E0533BB30C8}.EFMigrations|Any CPU.Build.0 = Release|Any CPU
		{D5011CF5-4F13-468D-B6B1-3E0533BB30C8}.PluginDev|Any CPU.ActiveCfg = Release|Any CPU
		{D5011CF5-4F13-468D-B6B1-3E0533BB30C8}.PluginDev|Any CPU.Build.0 = Release|Any CPU
		{D5011CF5-4F13-468D-B6B1-3E0533BB30C8}.Release|Any CPU.ActiveCfg = Release|Any CPU
		{D5011CF5-4F13-468D-B6B1-3E0533BB30C8}.Release|Any CPU.Build.0 = Release|Any CPU
		{35218E68-2247-4F6C-A25F-4CDB73AD6849}.Debug|Any CPU.ActiveCfg = Debug|Any CPU
		{35218E68-2247-4F6C-A25F-4CDB73AD6849}.Debug|Any CPU.Build.0 = Debug|Any CPU
		{35218E68-2247-4F6C-A25F-4CDB73AD6849}.EFMigrations|Any CPU.ActiveCfg = Release|Any CPU
		{35218E68-2247-4F6C-A25F-4CDB73AD6849}.EFMigrations|Any CPU.Build.0 = Release|Any CPU
		{35218E68-2247-4F6C-A25F-4CDB73AD6849}.PluginDev|Any CPU.ActiveCfg = Release|Any CPU
		{35218E68-2247-4F6C-A25F-4CDB73AD6849}.PluginDev|Any CPU.Build.0 = Release|Any CPU
		{35218E68-2247-4F6C-A25F-4CDB73AD6849}.Release|Any CPU.ActiveCfg = Release|Any CPU
		{35218E68-2247-4F6C-A25F-4CDB73AD6849}.Release|Any CPU.Build.0 = Release|Any CPU
		{75F2F4E3-1161-4D6D-B6A7-51A379027A72}.Debug|Any CPU.ActiveCfg = Debug|Any CPU
		{75F2F4E3-1161-4D6D-B6A7-51A379027A72}.Debug|Any CPU.Build.0 = Debug|Any CPU
		{75F2F4E3-1161-4D6D-B6A7-51A379027A72}.EFMigrations|Any CPU.ActiveCfg = Release|Any CPU
		{75F2F4E3-1161-4D6D-B6A7-51A379027A72}.EFMigrations|Any CPU.Build.0 = Release|Any CPU
		{75F2F4E3-1161-4D6D-B6A7-51A379027A72}.PluginDev|Any CPU.ActiveCfg = Release|Any CPU
		{75F2F4E3-1161-4D6D-B6A7-51A379027A72}.PluginDev|Any CPU.Build.0 = Release|Any CPU
		{75F2F4E3-1161-4D6D-B6A7-51A379027A72}.Release|Any CPU.ActiveCfg = Release|Any CPU
		{75F2F4E3-1161-4D6D-B6A7-51A379027A72}.Release|Any CPU.Build.0 = Release|Any CPU
	EndGlobalSection
	GlobalSection(SolutionProperties) = preSolution
		HideSolutionNode = FALSE
	EndGlobalSection
	GlobalSection(NestedProjects) = preSolution
		{949DB77A-078C-4AE7-BA66-A7109848B8C4} = {CEEECF6B-3AA6-41AF-9E7A-49231B3A73B1}
		{1EB3A6AF-8899-400C-A6EA-E4CFF97CE1FC} = {CEEECF6B-3AA6-41AF-9E7A-49231B3A73B1}
		{B90516AF-CC74-4119-9932-B6E0320CCCBD} = {D6A4C222-C13B-4109-8ABB-32A17FBDD138}
		{5C9DF665-2794-45A6-B09C-17F3FC7FF11B} = {D6A4C222-C13B-4109-8ABB-32A17FBDD138}
		{5B34A7C2-2954-4351-A794-3A2D6FA8A50E} = {D6A4C222-C13B-4109-8ABB-32A17FBDD138}
		{753D82B4-F203-4D7B-A871-97066351DF5A} = {B3CD85A0-6ADA-42E7-A8CD-27288327B28F}
		{942B6393-9BE6-415C-BFA6-CA3EB166735F} = {B3CD85A0-6ADA-42E7-A8CD-27288327B28F}
		{E9348656-E4E7-473D-897A-8406A480E773} = {B3CD85A0-6ADA-42E7-A8CD-27288327B28F}
		{8BFCD979-C083-41B2-8715-5936A1587986} = {B3CD85A0-6ADA-42E7-A8CD-27288327B28F}
		{7A92D420-B503-450B-97AA-1EFC46A8603F} = {B3CD85A0-6ADA-42E7-A8CD-27288327B28F}
		{DFD68FA2-1C1B-4B19-B6DE-7F77C98816DE} = {3209704B-11E6-465C-BCC0-9D57A89C0B8E}
		{D5011CF5-4F13-468D-B6B1-3E0533BB30C8} = {3209704B-11E6-465C-BCC0-9D57A89C0B8E}
		{35218E68-2247-4F6C-A25F-4CDB73AD6849} = {3209704B-11E6-465C-BCC0-9D57A89C0B8E}
		{75F2F4E3-1161-4D6D-B6A7-51A379027A72} = {3209704B-11E6-465C-BCC0-9D57A89C0B8E}
	EndGlobalSection
	GlobalSection(ExtensibilityGlobals) = postSolution
		VisualSVNWorkingCopyRoot = .
		SolutionGuid = {965BBB8E-F6BB-4031-8BD6-B57B54BE58F1}
	EndGlobalSection
EndGlobal
