
Microsoft Visual Studio Solution File, Format Version 12.00
# Visual Studio 15
VisualStudioVersion = 15.0.26430.16
MinimumVisualStudioVersion = 10.0.40219.1
Project("{2150E333-8FDC-42A3-9474-1A3956D46DE8}") = "WAS", "WAS", "{D6A4C222-C13B-4109-8ABB-32A17FBDD138}"
EndProject
Project("{2150E333-8FDC-42A3-9474-1A3956D46DE8}") = "BAS", "BAS", "{CEEECF6B-3AA6-41AF-9E7A-49231B3A73B1}"
EndProject
Project("{FAE04EC0-301F-11D3-BF4B-00C04F79EFBC}") = "IKaan.Base", "IKaan.Common\IKaan.Base\IKaan.Base.csproj", "{949DB77A-078C-4AE7-BA66-A7109848B8C4}"
EndProject
Project("{FAE04EC0-301F-11D3-BF4B-00C04F79EFBC}") = "IKaan.Model", "IKaan.Common\IKaan.Model\IKaan.Model.csproj", "{1EB3A6AF-8899-400C-A6EA-E4CFF97CE1FC}"
EndProject
Project("{FAE04EC0-301F-11D3-BF4B-00C04F79EFBC}") = "IKaan.Was", "IKaan.Was\IKaan.Was\IKaan.Was.csproj", "{B90516AF-CC74-4119-9932-B6E0320CCCBD}"
EndProject
Project("{FAE04EC0-301F-11D3-BF4B-00C04F79EFBC}") = "IKaan.Was.Core", "IKaan.Was\IKaan.Was.Core\IKaan.Was.Core.csproj", "{5C9DF665-2794-45A6-B09C-17F3FC7FF11B}"
EndProject
Project("{FAE04EC0-301F-11D3-BF4B-00C04F79EFBC}") = "IKaan.Was.Service", "IKaan.Was\IKaan.Was.Service\IKaan.Was.Service.csproj", "{5B34A7C2-2954-4351-A794-3A2D6FA8A50E}"
EndProject
Project("{2150E333-8FDC-42A3-9474-1A3956D46DE8}") = "WIN", "WIN", "{B3CD85A0-6ADA-42E7-A8CD-27288327B28F}"
EndProject
Project("{2150E333-8FDC-42A3-9474-1A3956D46DE8}") = "WPF", "WPF", "{CD119B0C-A5B7-4032-90A4-03FAAC220D4B}"
EndProject
Project("{2150E333-8FDC-42A3-9474-1A3956D46DE8}") = "WEB", "WEB", "{3209704B-11E6-465C-BCC0-9D57A89C0B8E}"
EndProject
Project("{FAE04EC0-301F-11D3-BF4B-00C04F79EFBC}") = "IKaan.Win", "IKaan.Win\IKaan.Win\IKaan.Win.csproj", "{753D82B4-F203-4D7B-A871-97066351DF5A}"
EndProject
Project("{FAE04EC0-301F-11D3-BF4B-00C04F79EFBC}") = "IKaan.Win.Core", "IKaan.Win\IKaan.Win.Core\IKaan.Win.Core.csproj", "{942B6393-9BE6-415C-BFA6-CA3EB166735F}"
EndProject
Project("{FAE04EC0-301F-11D3-BF4B-00C04F79EFBC}") = "IKaan.Win.View", "IKaan.Win\IKaan.Win.View\IKaan.Win.View.csproj", "{E9348656-E4E7-473D-897A-8406A480E773}"
EndProject
Project("{FAE04EC0-301F-11D3-BF4B-00C04F79EFBC}") = "IKaan.Win.View.Biz", "IKaan.Win\IKaan.Win.View.Biz\IKaan.Win.View.Biz.csproj", "{8BFCD979-C083-41B2-8715-5936A1587986}"
EndProject
Project("{FAE04EC0-301F-11D3-BF4B-00C04F79EFBC}") = "IKaan.Win.View.Lib", "IKaan.Win\IKaan.Win.View.Lib\IKaan.Win.View.Lib.csproj", "{B1E911BA-1930-4E50-BAA9-E19B9C0F144C}"
EndProject
Project("{FAE04EC0-301F-11D3-BF4B-00C04F79EFBC}") = "IKaan.Win.View.Smp", "IKaan.Win\IKaan.Win.View.Smp\IKaan.Win.View.Smp.csproj", "{C4A49382-9767-4BDC-B944-F4926E3C498D}"
EndProject
Project("{FAE04EC0-301F-11D3-BF4B-00C04F79EFBC}") = "IKaan.Win.View.Sys", "IKaan.Win\IKaan.Win.View.Sys\IKaan.Win.View.Sys.csproj", "{7A92D420-B503-450B-97AA-1EFC46A8603F}"
EndProject
Global
	GlobalSection(SolutionConfigurationPlatforms) = preSolution
		Debug|Any CPU = Debug|Any CPU
		Release|Any CPU = Release|Any CPU
	EndGlobalSection
	GlobalSection(ProjectConfigurationPlatforms) = postSolution
		{949DB77A-078C-4AE7-BA66-A7109848B8C4}.Debug|Any CPU.ActiveCfg = Debug|Any CPU
		{949DB77A-078C-4AE7-BA66-A7109848B8C4}.Debug|Any CPU.Build.0 = Debug|Any CPU
		{949DB77A-078C-4AE7-BA66-A7109848B8C4}.Release|Any CPU.ActiveCfg = Release|Any CPU
		{949DB77A-078C-4AE7-BA66-A7109848B8C4}.Release|Any CPU.Build.0 = Release|Any CPU
		{1EB3A6AF-8899-400C-A6EA-E4CFF97CE1FC}.Debug|Any CPU.ActiveCfg = Debug|Any CPU
		{1EB3A6AF-8899-400C-A6EA-E4CFF97CE1FC}.Debug|Any CPU.Build.0 = Debug|Any CPU
		{1EB3A6AF-8899-400C-A6EA-E4CFF97CE1FC}.Release|Any CPU.ActiveCfg = Release|Any CPU
		{1EB3A6AF-8899-400C-A6EA-E4CFF97CE1FC}.Release|Any CPU.Build.0 = Release|Any CPU
		{B90516AF-CC74-4119-9932-B6E0320CCCBD}.Debug|Any CPU.ActiveCfg = Debug|Any CPU
		{B90516AF-CC74-4119-9932-B6E0320CCCBD}.Debug|Any CPU.Build.0 = Debug|Any CPU
		{B90516AF-CC74-4119-9932-B6E0320CCCBD}.Release|Any CPU.ActiveCfg = Release|Any CPU
		{B90516AF-CC74-4119-9932-B6E0320CCCBD}.Release|Any CPU.Build.0 = Release|Any CPU
		{5C9DF665-2794-45A6-B09C-17F3FC7FF11B}.Debug|Any CPU.ActiveCfg = Debug|Any CPU
		{5C9DF665-2794-45A6-B09C-17F3FC7FF11B}.Debug|Any CPU.Build.0 = Debug|Any CPU
		{5C9DF665-2794-45A6-B09C-17F3FC7FF11B}.Release|Any CPU.ActiveCfg = Release|Any CPU
		{5C9DF665-2794-45A6-B09C-17F3FC7FF11B}.Release|Any CPU.Build.0 = Release|Any CPU
		{5B34A7C2-2954-4351-A794-3A2D6FA8A50E}.Debug|Any CPU.ActiveCfg = Debug|Any CPU
		{5B34A7C2-2954-4351-A794-3A2D6FA8A50E}.Debug|Any CPU.Build.0 = Debug|Any CPU
		{5B34A7C2-2954-4351-A794-3A2D6FA8A50E}.Release|Any CPU.ActiveCfg = Release|Any CPU
		{5B34A7C2-2954-4351-A794-3A2D6FA8A50E}.Release|Any CPU.Build.0 = Release|Any CPU
		{753D82B4-F203-4D7B-A871-97066351DF5A}.Debug|Any CPU.ActiveCfg = Debug|Any CPU
		{753D82B4-F203-4D7B-A871-97066351DF5A}.Debug|Any CPU.Build.0 = Debug|Any CPU
		{753D82B4-F203-4D7B-A871-97066351DF5A}.Release|Any CPU.ActiveCfg = Release|Any CPU
		{753D82B4-F203-4D7B-A871-97066351DF5A}.Release|Any CPU.Build.0 = Release|Any CPU
		{942B6393-9BE6-415C-BFA6-CA3EB166735F}.Debug|Any CPU.ActiveCfg = Debug|Any CPU
		{942B6393-9BE6-415C-BFA6-CA3EB166735F}.Debug|Any CPU.Build.0 = Debug|Any CPU
		{942B6393-9BE6-415C-BFA6-CA3EB166735F}.Release|Any CPU.ActiveCfg = Release|Any CPU
		{942B6393-9BE6-415C-BFA6-CA3EB166735F}.Release|Any CPU.Build.0 = Release|Any CPU
		{E9348656-E4E7-473D-897A-8406A480E773}.Debug|Any CPU.ActiveCfg = Debug|Any CPU
		{E9348656-E4E7-473D-897A-8406A480E773}.Debug|Any CPU.Build.0 = Debug|Any CPU
		{E9348656-E4E7-473D-897A-8406A480E773}.Release|Any CPU.ActiveCfg = Release|Any CPU
		{E9348656-E4E7-473D-897A-8406A480E773}.Release|Any CPU.Build.0 = Release|Any CPU
		{8BFCD979-C083-41B2-8715-5936A1587986}.Debug|Any CPU.ActiveCfg = Debug|Any CPU
		{8BFCD979-C083-41B2-8715-5936A1587986}.Debug|Any CPU.Build.0 = Debug|Any CPU
		{8BFCD979-C083-41B2-8715-5936A1587986}.Release|Any CPU.ActiveCfg = Release|Any CPU
		{8BFCD979-C083-41B2-8715-5936A1587986}.Release|Any CPU.Build.0 = Release|Any CPU
		{B1E911BA-1930-4E50-BAA9-E19B9C0F144C}.Debug|Any CPU.ActiveCfg = Debug|Any CPU
		{B1E911BA-1930-4E50-BAA9-E19B9C0F144C}.Debug|Any CPU.Build.0 = Debug|Any CPU
		{B1E911BA-1930-4E50-BAA9-E19B9C0F144C}.Release|Any CPU.ActiveCfg = Release|Any CPU
		{B1E911BA-1930-4E50-BAA9-E19B9C0F144C}.Release|Any CPU.Build.0 = Release|Any CPU
		{C4A49382-9767-4BDC-B944-F4926E3C498D}.Debug|Any CPU.ActiveCfg = Debug|Any CPU
		{C4A49382-9767-4BDC-B944-F4926E3C498D}.Debug|Any CPU.Build.0 = Debug|Any CPU
		{C4A49382-9767-4BDC-B944-F4926E3C498D}.Release|Any CPU.ActiveCfg = Release|Any CPU
		{C4A49382-9767-4BDC-B944-F4926E3C498D}.Release|Any CPU.Build.0 = Release|Any CPU
		{7A92D420-B503-450B-97AA-1EFC46A8603F}.Debug|Any CPU.ActiveCfg = Debug|Any CPU
		{7A92D420-B503-450B-97AA-1EFC46A8603F}.Debug|Any CPU.Build.0 = Debug|Any CPU
		{7A92D420-B503-450B-97AA-1EFC46A8603F}.Release|Any CPU.ActiveCfg = Release|Any CPU
		{7A92D420-B503-450B-97AA-1EFC46A8603F}.Release|Any CPU.Build.0 = Release|Any CPU
	EndGlobalSection
	GlobalSection(SolutionProperties) = preSolution
		HideSolutionNode = FALSE
	EndGlobalSection
	GlobalSection(NestedProjects) = preSolution
		{949DB77A-078C-4AE7-BA66-A7109848B8C4} = {CEEECF6B-3AA6-41AF-9E7A-49231B3A73B1}
		{1EB3A6AF-8899-400C-A6EA-E4CFF97CE1FC} = {CEEECF6B-3AA6-41AF-9E7A-49231B3A73B1}
		{B90516AF-CC74-4119-9932-B6E0320CCCBD} = {D6A4C222-C13B-4109-8ABB-32A17FBDD138}
		{5C9DF665-2794-45A6-B09C-17F3FC7FF11B} = {D6A4C222-C13B-4109-8ABB-32A17FBDD138}
		{5B34A7C2-2954-4351-A794-3A2D6FA8A50E} = {D6A4C222-C13B-4109-8ABB-32A17FBDD138}
		{753D82B4-F203-4D7B-A871-97066351DF5A} = {B3CD85A0-6ADA-42E7-A8CD-27288327B28F}
		{942B6393-9BE6-415C-BFA6-CA3EB166735F} = {B3CD85A0-6ADA-42E7-A8CD-27288327B28F}
		{E9348656-E4E7-473D-897A-8406A480E773} = {B3CD85A0-6ADA-42E7-A8CD-27288327B28F}
		{8BFCD979-C083-41B2-8715-5936A1587986} = {B3CD85A0-6ADA-42E7-A8CD-27288327B28F}
		{B1E911BA-1930-4E50-BAA9-E19B9C0F144C} = {B3CD85A0-6ADA-42E7-A8CD-27288327B28F}
		{C4A49382-9767-4BDC-B944-F4926E3C498D} = {B3CD85A0-6ADA-42E7-A8CD-27288327B28F}
		{7A92D420-B503-450B-97AA-1EFC46A8603F} = {B3CD85A0-6ADA-42E7-A8CD-27288327B28F}
	EndGlobalSection
	GlobalSection(ExtensibilityGlobals) = postSolution
		VisualSVNWorkingCopyRoot = .
	EndGlobalSection
EndGlobal
